
Microsoft Visual Studio Solution File, Format Version 12.00
# Visual Studio 2013
VisualStudioVersion = 12.0.30501.0
MinimumVisualStudioVersion = 10.0.40219.1
Project("{FAE04EC0-301F-11D3-BF4B-00C04F79EFBC}") = "RoslynMapper", "RoslynMapper\RoslynMapper.csproj", "{3A8CE759-BE75-4842-ADCF-D4FE0CEB7908}"
EndProject
Project("{FAE04EC0-301F-11D3-BF4B-00C04F79EFBC}") = "RoslynMapper.Samples", "RoslynMapper.Samples\RoslynMapper.Samples.csproj", "{C96F79FB-B6F8-4F85-B216-D2F4AC04D6FE}"
EndProject
Project("{FAE04EC0-301F-11D3-BF4B-00C04F79EFBC}") = "RoslynMapper.Benchmark", "RoslynMapper.Benchmark\RoslynMapper.Benchmark.csproj", "{7D62D0CD-3135-4915-9C78-2A05467E64CC}"
EndProject
Project("{2150E333-8FDC-42A3-9474-1A3956D46DE8}") = ".nuget", ".nuget", "{CE35E149-BEFE-45EA-AC45-397572D1957F}"
	ProjectSection(SolutionItems) = preProject
		.nuget\NuGet.Config = .nuget\NuGet.Config
		.nuget\NuGet.exe = .nuget\NuGet.exe
		.nuget\NuGet.targets = .nuget\NuGet.targets
	EndProjectSection
EndProject
Project("{FAE04EC0-301F-11D3-BF4B-00C04F79EFBC}") = "RoslynMapper.UnitTests", "RoslynMapper.UnitTests\RoslynMapper.UnitTests.csproj", "{41344446-801D-43BD-BC7B-804464F2268B}"
EndProject
Global
	GlobalSection(SolutionConfigurationPlatforms) = preSolution
		Debug|Any CPU = Debug|Any CPU
		Release|Any CPU = Release|Any CPU
	EndGlobalSection
	GlobalSection(ProjectConfigurationPlatforms) = postSolution
		{3A8CE759-BE75-4842-ADCF-D4FE0CEB7908}.Debug|Any CPU.ActiveCfg = Debug|Any CPU
		{3A8CE759-BE75-4842-ADCF-D4FE0CEB7908}.Debug|Any CPU.Build.0 = Debug|Any CPU
		{3A8CE759-BE75-4842-ADCF-D4FE0CEB7908}.Release|Any CPU.ActiveCfg = Release|Any CPU
		{3A8CE759-BE75-4842-ADCF-D4FE0CEB7908}.Release|Any CPU.Build.0 = Release|Any CPU
		{C96F79FB-B6F8-4F85-B216-D2F4AC04D6FE}.Debug|Any CPU.ActiveCfg = Debug|Any CPU
		{C96F79FB-B6F8-4F85-B216-D2F4AC04D6FE}.Debug|Any CPU.Build.0 = Debug|Any CPU
		{C96F79FB-B6F8-4F85-B216-D2F4AC04D6FE}.Release|Any CPU.ActiveCfg = Release|Any CPU
		{C96F79FB-B6F8-4F85-B216-D2F4AC04D6FE}.Release|Any CPU.Build.0 = Release|Any CPU
		{7D62D0CD-3135-4915-9C78-2A05467E64CC}.Debug|Any CPU.ActiveCfg = Debug|Any CPU
		{7D62D0CD-3135-4915-9C78-2A05467E64CC}.Debug|Any CPU.Build.0 = Debug|Any CPU
		{7D62D0CD-3135-4915-9C78-2A05467E64CC}.Release|Any CPU.ActiveCfg = Release|Any CPU
		{7D62D0CD-3135-4915-9C78-2A05467E64CC}.Release|Any CPU.Build.0 = Release|Any CPU
		{41344446-801D-43BD-BC7B-804464F2268B}.Debug|Any CPU.ActiveCfg = Debug|Any CPU
		{41344446-801D-43BD-BC7B-804464F2268B}.Debug|Any CPU.Build.0 = Debug|Any CPU
		{41344446-801D-43BD-BC7B-804464F2268B}.Release|Any CPU.ActiveCfg = Release|Any CPU
		{41344446-801D-43BD-BC7B-804464F2268B}.Release|Any CPU.Build.0 = Release|Any CPU
	EndGlobalSection
	GlobalSection(SolutionProperties) = preSolution
		HideSolutionNode = FALSE
	EndGlobalSection
EndGlobal
