
Microsoft Visual Studio Solution File, Format Version 12.00
# Visual Studio Version 17
VisualStudioVersion = 17.5.33414.496
MinimumVisualStudioVersion = 10.0.40219.1
Project("{9A19103F-16F7-4668-BE54-9A1E7A4F7556}") = "RoslynMapper", "RoslynMapper\RoslynMapper.csproj", "{FC5F259A-1459-48CA-8978-8D47AB610506}"
EndProject
Project("{9A19103F-16F7-4668-BE54-9A1E7A4F7556}") = "RoslynMapper.Benchmark", "RoslynMapper.Benchmark\RoslynMapper.Benchmark.csproj", "{ED1736C7-528F-4714-8BF0-808C89535D63}"
EndProject
Project("{9A19103F-16F7-4668-BE54-9A1E7A4F7556}") = "RoslynMapper.UnitTests", "RoslynMapper.UnitTests\RoslynMapper.UnitTests.csproj", "{07D0AFCF-4302-4D76-A931-76DD2D4CEBEC}"
EndProject
Project("{FAE04EC0-301F-11D3-BF4B-00C04F79EFBC}") = "RoslynMapper.Samples", "RoslynMapper.Samples\RoslynMapper.Samples.csproj", "{C56D0FFB-7540-4101-BB63-F007D3D611C2}"
EndProject
Global
	GlobalSection(SolutionConfigurationPlatforms) = preSolution
		Debug|Any CPU = Debug|Any CPU
		Release|Any CPU = Release|Any CPU
	EndGlobalSection
	GlobalSection(ProjectConfigurationPlatforms) = postSolution
		{FC5F259A-1459-48CA-8978-8D47AB610506}.Debug|Any CPU.ActiveCfg = Debug|Any CPU
		{FC5F259A-1459-48CA-8978-8D47AB610506}.Debug|Any CPU.Build.0 = Debug|Any CPU
		{FC5F259A-1459-48CA-8978-8D47AB610506}.Release|Any CPU.ActiveCfg = Release|Any CPU
		{FC5F259A-1459-48CA-8978-8D47AB610506}.Release|Any CPU.Build.0 = Release|Any CPU
		{ED1736C7-528F-4714-8BF0-808C89535D63}.Debug|Any CPU.ActiveCfg = Debug|Any CPU
		{ED1736C7-528F-4714-8BF0-808C89535D63}.Debug|Any CPU.Build.0 = Debug|Any CPU
		{ED1736C7-528F-4714-8BF0-808C89535D63}.Release|Any CPU.ActiveCfg = Release|Any CPU
		{ED1736C7-528F-4714-8BF0-808C89535D63}.Release|Any CPU.Build.0 = Release|Any CPU
		{07D0AFCF-4302-4D76-A931-76DD2D4CEBEC}.Debug|Any CPU.ActiveCfg = Debug|Any CPU
		{07D0AFCF-4302-4D76-A931-76DD2D4CEBEC}.Debug|Any CPU.Build.0 = Debug|Any CPU
		{07D0AFCF-4302-4D76-A931-76DD2D4CEBEC}.Release|Any CPU.ActiveCfg = Release|Any CPU
		{07D0AFCF-4302-4D76-A931-76DD2D4CEBEC}.Release|Any CPU.Build.0 = Release|Any CPU
		{C56D0FFB-7540-4101-BB63-F007D3D611C2}.Debug|Any CPU.ActiveCfg = Debug|Any CPU
		{C56D0FFB-7540-4101-BB63-F007D3D611C2}.Debug|Any CPU.Build.0 = Debug|Any CPU
		{C56D0FFB-7540-4101-BB63-F007D3D611C2}.Release|Any CPU.ActiveCfg = Release|Any CPU
		{C56D0FFB-7540-4101-BB63-F007D3D611C2}.Release|Any CPU.Build.0 = Release|Any CPU
	EndGlobalSection
	GlobalSection(SolutionProperties) = preSolution
		HideSolutionNode = FALSE
	EndGlobalSection
	GlobalSection(ExtensibilityGlobals) = postSolution
		SolutionGuid = {1CC310F9-FFE6-445F-AD0B-A9D8E9D63F7F}
	EndGlobalSection
EndGlobal
